<Solution>
  <Folder Name="/src/">
    <Project Path="src/VehicleVision.PleasanterTools.McpOAuthWrapper/VehicleVision.PleasanterTools.McpOAuthWrapper.csproj" />
  </Folder>
  <Folder Name="/tests/">
    <Project Path="tests/VehicleVision.PleasanterTools.McpOAuthWrapper.Tests/VehicleVision.PleasanterTools.McpOAuthWrapper.Tests.csproj" />
  </Folder>
  <Folder Name="/_development/" />
  <Folder Name="/_development/tests/" />
  <Folder Name="/_development/tests/database-smoke/">
    <Project Path="_development/tests/database-smoke/DatabaseSmoke.csproj" />
  </Folder>
</Solution>
